
Microsoft Visual Studio Solution File, Format Version 12.00
# Visual Studio Version 17
VisualStudioVersion = 17.8.34309.116
MinimumVisualStudioVersion = 10.0.40219.1
Project("{FAE04EC0-301F-11D3-BF4B-00C04F79EFBC}") = "Deneme1", "Deneme1\Deneme1.csproj", "{1F8AB35D-384B-4599-AF9E-5605BF16BFC4}"
EndProject
Global
	GlobalSection(SolutionConfigurationPlatforms) = preSolution
		Debug|Any CPU = Debug|Any CPU
		Release|Any CPU = Release|Any CPU
	EndGlobalSection
	GlobalSection(ProjectConfigurationPlatforms) = postSolution
		{1F8AB35D-384B-4599-AF9E-5605BF16BFC4}.Debug|Any CPU.ActiveCfg = Debug|Any CPU
		{1F8AB35D-384B-4599-AF9E-5605BF16BFC4}.Debug|Any CPU.Build.0 = Debug|Any CPU
		{1F8AB35D-384B-4599-AF9E-5605BF16BFC4}.Debug|Any CPU.Deploy.0 = Debug|Any CPU
		{1F8AB35D-384B-4599-AF9E-5605BF16BFC4}.Release|Any CPU.ActiveCfg = Release|Any CPU
		{1F8AB35D-384B-4599-AF9E-5605BF16BFC4}.Release|Any CPU.Build.0 = Release|Any CPU
		{1F8AB35D-384B-4599-AF9E-5605BF16BFC4}.Release|Any CPU.Deploy.0 = Release|Any CPU
	EndGlobalSection
	GlobalSection(SolutionProperties) = preSolution
		HideSolutionNode = FALSE
	EndGlobalSection
	GlobalSection(ExtensibilityGlobals) = postSolution
		SolutionGuid = {4749DBC9-5C24-482A-AA9F-11EAAF0D1E6B}
	EndGlobalSection
EndGlobal
